
Microsoft Visual Studio Solution File, Format Version 12.00
# Visual Studio Version 16
VisualStudioVersion = 16.0.31313.79
MinimumVisualStudioVersion = 10.0.40219.1
Project("{FAE04EC0-301F-11D3-BF4B-00C04F79EFBC}") = "Mineswe.io.WebApi", "Mineswe.io.WebApi\Mineswe.io.WebApi.csproj", "{1F9CF927-9C63-48BC-BDC3-E93F6F208AF4}"
EndProject
Global
	GlobalSection(SolutionConfigurationPlatforms) = preSolution
		Debug|Any CPU = Debug|Any CPU
		Release|Any CPU = Release|Any CPU
	EndGlobalSection
	GlobalSection(ProjectConfigurationPlatforms) = postSolution
		{1F9CF927-9C63-48BC-BDC3-E93F6F208AF4}.Debug|Any CPU.ActiveCfg = Debug|Any CPU
		{1F9CF927-9C63-48BC-BDC3-E93F6F208AF4}.Debug|Any CPU.Build.0 = Debug|Any CPU
		{1F9CF927-9C63-48BC-BDC3-E93F6F208AF4}.Release|Any CPU.ActiveCfg = Release|Any CPU
		{1F9CF927-9C63-48BC-BDC3-E93F6F208AF4}.Release|Any CPU.Build.0 = Release|Any CPU
	EndGlobalSection
	GlobalSection(SolutionProperties) = preSolution
		HideSolutionNode = FALSE
	EndGlobalSection
	GlobalSection(ExtensibilityGlobals) = postSolution
		SolutionGuid = {E97FE2CF-312D-45C1-B1C0-D5340A48797D}
	EndGlobalSection
EndGlobal
